// !$*UTF8*$!
{
	archiveVersion = 1;
	classes = {
	};
	objectVersion = 77;
	objects = {

/* Begin PBXBuildFile section */
		31E54BF22DF2E661003B7D50 /* Assets.xcassets in Resources */ = {isa = PBXBuildFile; fileRef = 31E54BCD2DF2E661003B7D50 /* Assets.xcassets */; };
		31E54BF32DF2E661003B7D50 /* README.md in Resources */ = {isa = PBXBuildFile; fileRef = 31E54BD12DF2E661003B7D50 /* README.md */; };
/* End PBXBuildFile section */

/* Begin PBXContainerItemProxy section */
		31DBE3A62DF33CB900307E12 /* PBXContainerItemProxy */ = {
			isa = PBXContainerItemProxy;
			containerPortal = 31A5C3452DF2E59B00C971A9 /* Project object */;
			proxyType = 1;
			remoteGlobalIDString = 31A5C34C2DF2E59B00C971A9;
			remoteInfo = cruxx;
		};
/* End PBXContainerItemProxy section */

/* Begin PBXFileReference section */
		31A5C34D2DF2E59B00C971A9 /* cruxx.app */ = {isa = PBXFileReference; explicitFileType = wrapper.application; includeInIndex = 0; path = cruxx.app; sourceTree = BUILT_PRODUCTS_DIR; };
		31DBE3A22DF33CB900307E12 /* cruxxTests.xctest */ = {isa = PBXFileReference; explicitFileType = wrapper.cfbundle; includeInIndex = 0; path = cruxxTests.xctest; sourceTree = BUILT_PRODUCTS_DIR; };
		31DBE3B02DF33E0500307E12 /* cruxx.xctestplan */ = {isa = PBXFileReference; lastKnownFileType = text; path = cruxx.xctestplan; sourceTree = "<group>"; };
		31E54BCC2DF2E661003B7D50 /* AGENTS.md */ = {isa = PBXFileReference; lastKnownFileType = net.daringfireball.markdown; path = AGENTS.md; sourceTree = "<group>"; };
		31E54BCD2DF2E661003B7D50 /* Assets.xcassets */ = {isa = PBXFileReference; lastKnownFileType = folder.assetcatalog; path = Assets.xcassets; sourceTree = "<group>"; };
		31E54BCE2DF2E661003B7D50 /* Package.swift */ = {isa = PBXFileReference; lastKnownFileType = sourcecode.swift; path = Package.swift; sourceTree = "<group>"; };
		31E54BD02DF2E661003B7D50 /* PROTOCOLS.md */ = {isa = PBXFileReference; lastKnownFileType = net.daringfireball.markdown; path = PROTOCOLS.md; sourceTree = "<group>"; };
		31E54BD12DF2E661003B7D50 /* README.md */ = {isa = PBXFileReference; lastKnownFileType = net.daringfireball.markdown; path = README.md; sourceTree = "<group>"; };
		31E54BEA2DF2E661003B7D50 /* STRUCTURE.md */ = {isa = PBXFileReference; lastKnownFileType = net.daringfireball.markdown; path = STRUCTURE.md; sourceTree = "<group>"; };
		31E54BF72DF2E77E003B7D50 /* cruxx.entitlements */ = {isa = PBXFileReference; lastKnownFileType = text.plist.entitlements; path = cruxx.entitlements; sourceTree = "<group>"; };
/* End PBXFileReference section */

/* Begin PBXFileSystemSynchronizedBuildFileExceptionSet section */
		31DBE3AE2DF33CC500307E12 /* Exceptions for "Tests" folder in "cruxx" target */ = {
			isa = PBXFileSystemSynchronizedBuildFileExceptionSet;
			membershipExceptions = (
				CRUXXTests/UITests/MainViewUITests.swift,
				CRUXXTests/UnitTests/SessionManagerTests.swift,
				CRUXXTests/UnitTests/SettingsViewModelTests.swift,
			);
			target = 31A5C34C2DF2E59B00C971A9 /* cruxx */;
		};
		31DBE3AF2DF33CC500307E12 /* Exceptions for "Tests" folder in "cruxxTests" target */ = {
			isa = PBXFileSystemSynchronizedBuildFileExceptionSet;
			membershipExceptions = (
				CRUXXTests/UITests/MainViewUITests.swift,
				CRUXXTests/UnitTests/SessionManagerTests.swift,
				CRUXXTests/UnitTests/SettingsViewModelTests.swift,
			);
			target = 31DBE3A12DF33CB900307E12 /* cruxxTests */;
		};
/* End PBXFileSystemSynchronizedBuildFileExceptionSet section */

/* Begin PBXFileSystemSynchronizedRootGroup section */
		31DBE3332DF3370400307E12 /* Preview */ = {
			isa = PBXFileSystemSynchronizedRootGroup;
			path = Preview;
			sourceTree = "<group>";
		};
		31DBE36E2DF3370400307E12 /* Sources */ = {
			isa = PBXFileSystemSynchronizedRootGroup;
			path = Sources;
			sourceTree = "<group>";
		};
		31DBE3742DF3370400307E12 /* Tests */ = {
			isa = PBXFileSystemSynchronizedRootGroup;
			exceptions = (
				31DBE3AE2DF33CC500307E12 /* Exceptions for "Tests" folder in "cruxx" target */,
				31DBE3AF2DF33CC500307E12 /* Exceptions for "Tests" folder in "cruxxTests" target */,
			);
			path = Tests;
			sourceTree = "<group>";
		};
		31DBE3A32DF33CB900307E12 /* cruxxTests */ = {
			isa = PBXFileSystemSynchronizedRootGroup;
			path = cruxxTests;
			sourceTree = "<group>";
		};
/* End PBXFileSystemSynchronizedRootGroup section */

/* Begin PBXFrameworksBuildPhase section */
		31A5C34A2DF2E59B00C971A9 /* Frameworks */ = {
			isa = PBXFrameworksBuildPhase;
			buildActionMask = 2147483647;
			files = (
			);
			runOnlyForDeploymentPostprocessing = 0;
		};
		31DBE39F2DF33CB900307E12 /* Frameworks */ = {
			isa = PBXFrameworksBuildPhase;
			buildActionMask = 2147483647;
			files = (
			);
			runOnlyForDeploymentPostprocessing = 0;
		};
/* End PBXFrameworksBuildPhase section */

/* Begin PBXGroup section */
		31A5C3442DF2E59B00C971A9 = {
			isa = PBXGroup;
			children = (
				31DBE3B02DF33E0500307E12 /* cruxx.xctestplan */,
				31E54BCC2DF2E661003B7D50 /* AGENTS.md */,
				31E54BEA2DF2E661003B7D50 /* STRUCTURE.md */,
				31E54BD02DF2E661003B7D50 /* PROTOCOLS.md */,
				31E54BD12DF2E661003B7D50 /* README.md */,
				31E54BCD2DF2E661003B7D50 /* Assets.xcassets */,
				31E54BCE2DF2E661003B7D50 /* Package.swift */,
				31E54BF72DF2E77E003B7D50 /* cruxx.entitlements */,
				31DBE3332DF3370400307E12 /* Preview */,
				31DBE36E2DF3370400307E12 /* Sources */,
				31DBE3742DF3370400307E12 /* Tests */,
				31DBE3A32DF33CB900307E12 /* cruxxTests */,
				31A5C34E2DF2E59B00C971A9 /* Products */,
			);
			sourceTree = "<group>";
		};
		31A5C34E2DF2E59B00C971A9 /* Products */ = {
			isa = PBXGroup;
			children = (
				31A5C34D2DF2E59B00C971A9 /* cruxx.app */,
				31DBE3A22DF33CB900307E12 /* cruxxTests.xctest */,
			);
			name = Products;
			sourceTree = "<group>";
		};
/* End PBXGroup section */

/* Begin PBXNativeTarget section */
		31A5C34C2DF2E59B00C971A9 /* cruxx */ = {
			isa = PBXNativeTarget;
			buildConfigurationList = 31A5C35E2DF2E59C00C971A9 /* Build configuration list for PBXNativeTarget "cruxx" */;
			buildPhases = (
				31A5C3492DF2E59B00C971A9 /* Sources */,
				31A5C34A2DF2E59B00C971A9 /* Frameworks */,
				31A5C34B2DF2E59B00C971A9 /* Resources */,
			);
			buildRules = (
			);
			dependencies = (
			);
			fileSystemSynchronizedGroups = (
				31DBE3332DF3370400307E12 /* Preview */,
				31DBE36E2DF3370400307E12 /* Sources */,
				31DBE3742DF3370400307E12 /* Tests */,
			);
			name = cruxx;
			packageProductDependencies = (
			);
			productName = cruxx;
			productReference = 31A5C34D2DF2E59B00C971A9 /* cruxx.app */;
			productType = "com.apple.product-type.application";
		};
		31DBE3A12DF33CB900307E12 /* cruxxTests */ = {
			isa = PBXNativeTarget;
			buildConfigurationList = 31DBE3A82DF33CB900307E12 /* Build configuration list for PBXNativeTarget "cruxxTests" */;
			buildPhases = (
				31DBE39E2DF33CB900307E12 /* Sources */,
				31DBE39F2DF33CB900307E12 /* Frameworks */,
				31DBE3A02DF33CB900307E12 /* Resources */,
			);
			buildRules = (
			);
			dependencies = (
				31DBE3A72DF33CB900307E12 /* PBXTargetDependency */,
			);
			fileSystemSynchronizedGroups = (
				31DBE3A32DF33CB900307E12 /* cruxxTests */,
			);
			name = cruxxTests;
			packageProductDependencies = (
			);
			productName = cruxxTests;
			productReference = 31DBE3A22DF33CB900307E12 /* cruxxTests.xctest */;
			productType = "com.apple.product-type.bundle.unit-test";
		};
/* End PBXNativeTarget section */

/* Begin PBXProject section */
		31A5C3452DF2E59B00C971A9 /* Project object */ = {
			isa = PBXProject;
			attributes = {
				BuildIndependentTargetsInParallel = 1;
				LastSwiftUpdateCheck = 1640;
				LastUpgradeCheck = 1640;
				TargetAttributes = {
					31A5C34C2DF2E59B00C971A9 = {
						CreatedOnToolsVersion = 16.4;
					};
					31DBE3A12DF33CB900307E12 = {
						CreatedOnToolsVersion = 16.4;
						TestTargetID = 31A5C34C2DF2E59B00C971A9;
					};
				};
			};
			buildConfigurationList = 31A5C3482DF2E59B00C971A9 /* Build configuration list for PBXProject "cruxx" */;
			developmentRegion = en;
			hasScannedForEncodings = 0;
			knownRegions = (
				en,
				Base,
			);
			mainGroup = 31A5C3442DF2E59B00C971A9;
			minimizedProjectReferenceProxies = 1;
			preferredProjectObjectVersion = 77;
			productRefGroup = 31A5C34E2DF2E59B00C971A9 /* Products */;
			projectDirPath = "";
			projectRoot = "";
			targets = (
				31A5C34C2DF2E59B00C971A9 /* cruxx */,
				31DBE3A12DF33CB900307E12 /* cruxxTests */,
			);
		};
/* End PBXProject section */

/* Begin PBXResourcesBuildPhase section */
		31A5C34B2DF2E59B00C971A9 /* Resources */ = {
			isa = PBXResourcesBuildPhase;
			buildActionMask = 2147483647;
			files = (
				31E54BF22DF2E661003B7D50 /* Assets.xcassets in Resources */,
				31E54BF32DF2E661003B7D50 /* README.md in Resources */,
			);
			runOnlyForDeploymentPostprocessing = 0;
		};
		31DBE3A02DF33CB900307E12 /* Resources */ = {
			isa = PBXResourcesBuildPhase;
			buildActionMask = 2147483647;
			files = (
			);
			runOnlyForDeploymentPostprocessing = 0;
		};
/* End PBXResourcesBuildPhase section */

/* Begin PBXSourcesBuildPhase section */
		31A5C3492DF2E59B00C971A9 /* Sources */ = {
			isa = PBXSourcesBuildPhase;
			buildActionMask = 2147483647;
			files = (
			);
			runOnlyForDeploymentPostprocessing = 0;
		};
		31DBE39E2DF33CB900307E12 /* Sources */ = {
			isa = PBXSourcesBuildPhase;
			buildActionMask = 2147483647;
			files = (
			);
			runOnlyForDeploymentPostprocessing = 0;
		};
/* End PBXSourcesBuildPhase section */

/* Begin PBXTargetDependency section */
		31DBE3A72DF33CB900307E12 /* PBXTargetDependency */ = {
			isa = PBXTargetDependency;
			target = 31A5C34C2DF2E59B00C971A9 /* cruxx */;
			targetProxy = 31DBE3A62DF33CB900307E12 /* PBXContainerItemProxy */;
		};
/* End PBXTargetDependency section */

/* Begin XCBuildConfiguration section */
		31A5C35C2DF2E59C00C971A9 /* Debug */ = {
			isa = XCBuildConfiguration;
			buildSettings = {
				ALWAYS_SEARCH_USER_PATHS = NO;
				ASSETCATALOG_COMPILER_GENERATE_SWIFT_ASSET_SYMBOL_EXTENSIONS = YES;
				CLANG_ANALYZER_NONNULL = YES;
				CLANG_ANALYZER_NUMBER_OBJECT_CONVERSION = YES_AGGRESSIVE;
				CLANG_CXX_LANGUAGE_STANDARD = "gnu++20";
				CLANG_ENABLE_MODULES = YES;
				CLANG_ENABLE_OBJC_ARC = YES;
				CLANG_ENABLE_OBJC_WEAK = YES;
				CLANG_WARN_BLOCK_CAPTURE_AUTORELEASING = YES;
				CLANG_WARN_BOOL_CONVERSION = YES;
				CLANG_WARN_COMMA = YES;
				CLANG_WARN_CONSTANT_CONVERSION = YES;
				CLANG_WARN_DEPRECATED_OBJC_IMPLEMENTATIONS = YES;
				CLANG_WARN_DIRECT_OBJC_ISA_USAGE = YES_ERROR;
				CLANG_WARN_DOCUMENTATION_COMMENTS = YES;
				CLANG_WARN_EMPTY_BODY = YES;
				CLANG_WARN_ENUM_CONVERSION = YES;
				CLANG_WARN_INFINITE_RECURSION = YES;
				CLANG_WARN_INT_CONVERSION = YES;
				CLANG_WARN_NON_LITERAL_NULL_CONVERSION = YES;
				CLANG_WARN_OBJC_IMPLICIT_RETAIN_SELF = YES;
				CLANG_WARN_OBJC_LITERAL_CONVERSION = YES;
				CLANG_WARN_OBJC_ROOT_CLASS = YES_ERROR;
				CLANG_WARN_QUOTED_INCLUDE_IN_FRAMEWORK_HEADER = YES;
				CLANG_WARN_RANGE_LOOP_ANALYSIS = YES;
				CLANG_WARN_STRICT_PROTOTYPES = YES;
				CLANG_WARN_SUSPICIOUS_MOVE = YES;
				CLANG_WARN_UNGUARDED_AVAILABILITY = YES_AGGRESSIVE;
				CLANG_WARN_UNREACHABLE_CODE = YES;
				CLANG_WARN__DUPLICATE_METHOD_MATCH = YES;
				COPY_PHASE_STRIP = NO;
				DEBUG_INFORMATION_FORMAT = dwarf;
				DEVELOPMENT_TEAM = C5FLVCCHAG;
				ENABLE_STRICT_OBJC_MSGSEND = YES;
				ENABLE_TESTABILITY = YES;
				ENABLE_USER_SCRIPT_SANDBOXING = YES;
				GCC_C_LANGUAGE_STANDARD = gnu17;
				GCC_DYNAMIC_NO_PIC = NO;
				GCC_NO_COMMON_BLOCKS = YES;
				GCC_OPTIMIZATION_LEVEL = 0;
				GCC_PREPROCESSOR_DEFINITIONS = (
					"DEBUG=1",
					"$(inherited)",
				);
				GCC_WARN_64_TO_32_BIT_CONVERSION = YES;
				GCC_WARN_ABOUT_RETURN_TYPE = YES_ERROR;
				GCC_WARN_UNDECLARED_SELECTOR = YES;
				GCC_WARN_UNINITIALIZED_AUTOS = YES_AGGRESSIVE;
				GCC_WARN_UNUSED_FUNCTION = YES;
				GCC_WARN_UNUSED_VARIABLE = YES;
				LOCALIZATION_PREFERS_STRING_CATALOGS = YES;
				MTL_ENABLE_DEBUG_INFO = INCLUDE_SOURCE;
				MTL_FAST_MATH = YES;
				ONLY_ACTIVE_ARCH = YES;
				SWIFT_ACTIVE_COMPILATION_CONDITIONS = "DEBUG $(inherited)";
				SWIFT_OPTIMIZATION_LEVEL = "-Onone";
			};
			name = Debug;
		};
		31A5C35D2DF2E59C00C971A9 /* Release */ = {
			isa = XCBuildConfiguration;
			buildSettings = {
				ALWAYS_SEARCH_USER_PATHS = NO;
				ASSETCATALOG_COMPILER_GENERATE_SWIFT_ASSET_SYMBOL_EXTENSIONS = YES;
				CLANG_ANALYZER_NONNULL = YES;
				CLANG_ANALYZER_NUMBER_OBJECT_CONVERSION = YES_AGGRESSIVE;
				CLANG_CXX_LANGUAGE_STANDARD = "gnu++20";
				CLANG_ENABLE_MODULES = YES;
				CLANG_ENABLE_OBJC_ARC = YES;
				CLANG_ENABLE_OBJC_WEAK = YES;
				CLANG_WARN_BLOCK_CAPTURE_AUTORELEASING = YES;
				CLANG_WARN_BOOL_CONVERSION = YES;
				CLANG_WARN_COMMA = YES;
				CLANG_WARN_CONSTANT_CONVERSION = YES;
				CLANG_WARN_DEPRECATED_OBJC_IMPLEMENTATIONS = YES;
				CLANG_WARN_DIRECT_OBJC_ISA_USAGE = YES_ERROR;
				CLANG_WARN_DOCUMENTATION_COMMENTS = YES;
				CLANG_WARN_EMPTY_BODY = YES;
				CLANG_WARN_ENUM_CONVERSION = YES;
				CLANG_WARN_INFINITE_RECURSION = YES;
				CLANG_WARN_INT_CONVERSION = YES;
				CLANG_WARN_NON_LITERAL_NULL_CONVERSION = YES;
				CLANG_WARN_OBJC_IMPLICIT_RETAIN_SELF = YES;
				CLANG_WARN_OBJC_LITERAL_CONVERSION = YES;
				CLANG_WARN_OBJC_ROOT_CLASS = YES_ERROR;
				CLANG_WARN_QUOTED_INCLUDE_IN_FRAMEWORK_HEADER = YES;
				CLANG_WARN_RANGE_LOOP_ANALYSIS = YES;
				CLANG_WARN_STRICT_PROTOTYPES = YES;
				CLANG_WARN_SUSPICIOUS_MOVE = YES;
				CLANG_WARN_UNGUARDED_AVAILABILITY = YES_AGGRESSIVE;
				CLANG_WARN_UNREACHABLE_CODE = YES;
				CLANG_WARN__DUPLICATE_METHOD_MATCH = YES;
				COPY_PHASE_STRIP = NO;
				DEBUG_INFORMATION_FORMAT = "dwarf-with-dsym";
				DEVELOPMENT_TEAM = C5FLVCCHAG;
				ENABLE_NS_ASSERTIONS = NO;
				ENABLE_STRICT_OBJC_MSGSEND = YES;
				ENABLE_USER_SCRIPT_SANDBOXING = YES;
				GCC_C_LANGUAGE_STANDARD = gnu17;
				GCC_NO_COMMON_BLOCKS = YES;
				GCC_WARN_64_TO_32_BIT_CONVERSION = YES;
				GCC_WARN_ABOUT_RETURN_TYPE = YES_ERROR;
				GCC_WARN_UNDECLARED_SELECTOR = YES;
				GCC_WARN_UNINITIALIZED_AUTOS = YES_AGGRESSIVE;
				GCC_WARN_UNUSED_FUNCTION = YES;
				GCC_WARN_UNUSED_VARIABLE = YES;
				LOCALIZATION_PREFERS_STRING_CATALOGS = YES;
				MTL_ENABLE_DEBUG_INFO = NO;
				MTL_FAST_MATH = YES;
				SWIFT_COMPILATION_MODE = wholemodule;
			};
			name = Release;
		};
		31A5C35F2DF2E59C00C971A9 /* Debug */ = {
			isa = XCBuildConfiguration;
			buildSettings = {
				ASSETCATALOG_COMPILER_APPICON_NAME = AppIcon;
				ASSETCATALOG_COMPILER_GLOBAL_ACCENT_COLOR_NAME = AccentColor;
				CODE_SIGN_ENTITLEMENTS = cruxx.entitlements;
				CODE_SIGN_STYLE = Automatic;
				CURRENT_PROJECT_VERSION = 1;
				DEVELOPMENT_TEAM = C5FLVCCHAG;
				ENABLE_HARDENED_RUNTIME = YES;
				ENABLE_PREVIEWS = YES;
				GENERATE_INFOPLIST_FILE = YES;
				INFOPLIST_KEY_NSCameraUsageDescription = "클라이밍 영상 녹화를 위해 카메라 접근이 필요합니다.";
				INFOPLIST_KEY_NSMicrophoneUsageDescription = "영상 녹음 기능 사용을 위해 마이크 접근이 필요합니다.";
				INFOPLIST_KEY_NSPhotoLibraryAddUsageDescription = "녹화한 영상을 사진 보관함에 저장하기 위해 접근이 필요합니다.";
				INFOPLIST_KEY_NSPhotoLibraryUsageDescription = "영상을 사진 보관함에서 불러오기 위해 접근이 필요합니다.";
				"INFOPLIST_KEY_UIApplicationSceneManifest_Generation[sdk=iphoneos*]" = YES;
				"INFOPLIST_KEY_UIApplicationSceneManifest_Generation[sdk=iphonesimulator*]" = YES;
				"INFOPLIST_KEY_UIApplicationSupportsIndirectInputEvents[sdk=iphoneos*]" = YES;
				"INFOPLIST_KEY_UIApplicationSupportsIndirectInputEvents[sdk=iphonesimulator*]" = YES;
				"INFOPLIST_KEY_UILaunchScreen_Generation[sdk=iphoneos*]" = YES;
				"INFOPLIST_KEY_UILaunchScreen_Generation[sdk=iphonesimulator*]" = YES;
				"INFOPLIST_KEY_UIStatusBarStyle[sdk=iphoneos*]" = UIStatusBarStyleDefault;
				"INFOPLIST_KEY_UIStatusBarStyle[sdk=iphonesimulator*]" = UIStatusBarStyleDefault;
				INFOPLIST_KEY_UISupportedInterfaceOrientations_iPad = "UIInterfaceOrientationPortrait UIInterfaceOrientationPortraitUpsideDown UIInterfaceOrientationLandscapeLeft UIInterfaceOrientationLandscapeRight";
				INFOPLIST_KEY_UISupportedInterfaceOrientations_iPhone = "UIInterfaceOrientationPortrait UIInterfaceOrientationLandscapeLeft UIInterfaceOrientationLandscapeRight";
				IPHONEOS_DEPLOYMENT_TARGET = 18.5;
				LD_RUNPATH_SEARCH_PATHS = "@executable_path/Frameworks";
				"LD_RUNPATH_SEARCH_PATHS[sdk=macosx*]" = "@executable_path/../Frameworks";
				MACOSX_DEPLOYMENT_TARGET = 15.4;
				MARKETING_VERSION = 1.0;
				PRODUCT_BUNDLE_IDENTIFIER = com.eseungh.cruxx;
				PRODUCT_NAME = "$(TARGET_NAME)";
				REGISTER_APP_GROUPS = YES;
				SDKROOT = auto;
				SUPPORTED_PLATFORMS = "iphoneos iphonesimulator macosx xros xrsimulator";
				SWIFT_EMIT_LOC_STRINGS = YES;
				SWIFT_VERSION = 5.0;
				TARGETED_DEVICE_FAMILY = "1,2,7";
				XROS_DEPLOYMENT_TARGET = 2.5;
			};
			name = Debug;
		};
		31A5C3602DF2E59C00C971A9 /* Release */ = {
			isa = XCBuildConfiguration;
			buildSettings = {
				ASSETCATALOG_COMPILER_APPICON_NAME = AppIcon;
				ASSETCATALOG_COMPILER_GLOBAL_ACCENT_COLOR_NAME = AccentColor;
				CODE_SIGN_ENTITLEMENTS = cruxx.entitlements;
				CODE_SIGN_STYLE = Automatic;
				CURRENT_PROJECT_VERSION = 1;
				DEVELOPMENT_TEAM = C5FLVCCHAG;
				ENABLE_HARDENED_RUNTIME = YES;
				ENABLE_PREVIEWS = YES;
				GENERATE_INFOPLIST_FILE = YES;
				INFOPLIST_KEY_NSCameraUsageDescription = "클라이밍 영상 녹화를 위해 카메라 접근이 필요합니다.";
				INFOPLIST_KEY_NSMicrophoneUsageDescription = "영상 녹음 기능 사용을 위해 마이크 접근이 필요합니다.";
				INFOPLIST_KEY_NSPhotoLibraryAddUsageDescription = "녹화한 영상을 사진 보관함에 저장하기 위해 접근이 필요합니다.";
				INFOPLIST_KEY_NSPhotoLibraryUsageDescription = "영상을 사진 보관함에서 불러오기 위해 접근이 필요합니다.";
				"INFOPLIST_KEY_UIApplicationSceneManifest_Generation[sdk=iphoneos*]" = YES;
				"INFOPLIST_KEY_UIApplicationSceneManifest_Generation[sdk=iphonesimulator*]" = YES;
				"INFOPLIST_KEY_UIApplicationSupportsIndirectInputEvents[sdk=iphoneos*]" = YES;
				"INFOPLIST_KEY_UIApplicationSupportsIndirectInputEvents[sdk=iphonesimulator*]" = YES;
				"INFOPLIST_KEY_UILaunchScreen_Generation[sdk=iphoneos*]" = YES;
				"INFOPLIST_KEY_UILaunchScreen_Generation[sdk=iphonesimulator*]" = YES;
				"INFOPLIST_KEY_UIStatusBarStyle[sdk=iphoneos*]" = UIStatusBarStyleDefault;
				"INFOPLIST_KEY_UIStatusBarStyle[sdk=iphonesimulator*]" = UIStatusBarStyleDefault;
				INFOPLIST_KEY_UISupportedInterfaceOrientations_iPad = "UIInterfaceOrientationPortrait UIInterfaceOrientationPortraitUpsideDown UIInterfaceOrientationLandscapeLeft UIInterfaceOrientationLandscapeRight";
				INFOPLIST_KEY_UISupportedInterfaceOrientations_iPhone = "UIInterfaceOrientationPortrait UIInterfaceOrientationLandscapeLeft UIInterfaceOrientationLandscapeRight";
				IPHONEOS_DEPLOYMENT_TARGET = 18.5;
				LD_RUNPATH_SEARCH_PATHS = "@executable_path/Frameworks";
				"LD_RUNPATH_SEARCH_PATHS[sdk=macosx*]" = "@executable_path/../Frameworks";
				MACOSX_DEPLOYMENT_TARGET = 15.4;
				MARKETING_VERSION = 1.0;
				PRODUCT_BUNDLE_IDENTIFIER = com.eseungh.cruxx;
				PRODUCT_NAME = "$(TARGET_NAME)";
				REGISTER_APP_GROUPS = YES;
				SDKROOT = auto;
				SUPPORTED_PLATFORMS = "iphoneos iphonesimulator macosx xros xrsimulator";
				SWIFT_EMIT_LOC_STRINGS = YES;
				SWIFT_VERSION = 5.0;
				TARGETED_DEVICE_FAMILY = "1,2,7";
				XROS_DEPLOYMENT_TARGET = 2.5;
			};
			name = Release;
		};
		31DBE3A92DF33CB900307E12 /* Debug */ = {
			isa = XCBuildConfiguration;
			buildSettings = {
				BUNDLE_LOADER = "$(TEST_HOST)";
				CODE_SIGN_STYLE = Automatic;
				CURRENT_PROJECT_VERSION = 1;
				DEVELOPMENT_TEAM = C5FLVCCHAG;
				GENERATE_INFOPLIST_FILE = YES;
				IPHONEOS_DEPLOYMENT_TARGET = 18.5;
				MARKETING_VERSION = 1.0;
				PRODUCT_BUNDLE_IDENTIFIER = com.eseungh.cruxxTests;
				PRODUCT_NAME = "$(TARGET_NAME)";
				SDKROOT = iphoneos;
				SWIFT_EMIT_LOC_STRINGS = NO;
				SWIFT_VERSION = 5.0;
				TARGETED_DEVICE_FAMILY = "1,2";
				TEST_HOST = "$(BUILT_PRODUCTS_DIR)/cruxx.app/$(BUNDLE_EXECUTABLE_FOLDER_PATH)/cruxx";
			};
			name = Debug;
		};
		31DBE3AA2DF33CB900307E12 /* Release */ = {
			isa = XCBuildConfiguration;
			buildSettings = {
				BUNDLE_LOADER = "$(TEST_HOST)";
				CODE_SIGN_STYLE = Automatic;
				CURRENT_PROJECT_VERSION = 1;
				DEVELOPMENT_TEAM = C5FLVCCHAG;
				GENERATE_INFOPLIST_FILE = YES;
				IPHONEOS_DEPLOYMENT_TARGET = 18.5;
				MARKETING_VERSION = 1.0;
				PRODUCT_BUNDLE_IDENTIFIER = com.eseungh.cruxxTests;
				PRODUCT_NAME = "$(TARGET_NAME)";
				SDKROOT = iphoneos;
				SWIFT_EMIT_LOC_STRINGS = NO;
				SWIFT_VERSION = 5.0;
				TARGETED_DEVICE_FAMILY = "1,2";
				TEST_HOST = "$(BUILT_PRODUCTS_DIR)/cruxx.app/$(BUNDLE_EXECUTABLE_FOLDER_PATH)/cruxx";
				VALIDATE_PRODUCT = YES;
			};
			name = Release;
		};
/* End XCBuildConfiguration section */

/* Begin XCConfigurationList section */
		31A5C3482DF2E59B00C971A9 /* Build configuration list for PBXProject "cruxx" */ = {
			isa = XCConfigurationList;
			buildConfigurations = (
				31A5C35C2DF2E59C00C971A9 /* Debug */,
				31A5C35D2DF2E59C00C971A9 /* Release */,
			);
			defaultConfigurationIsVisible = 0;
			defaultConfigurationName = Release;
		};
		31A5C35E2DF2E59C00C971A9 /* Build configuration list for PBXNativeTarget "cruxx" */ = {
			isa = XCConfigurationList;
			buildConfigurations = (
				31A5C35F2DF2E59C00C971A9 /* Debug */,
				31A5C3602DF2E59C00C971A9 /* Release */,
			);
			defaultConfigurationIsVisible = 0;
			defaultConfigurationName = Release;
		};
		31DBE3A82DF33CB900307E12 /* Build configuration list for PBXNativeTarget "cruxxTests" */ = {
			isa = XCConfigurationList;
			buildConfigurations = (
				31DBE3A92DF33CB900307E12 /* Debug */,
				31DBE3AA2DF33CB900307E12 /* Release */,
			);
			defaultConfigurationIsVisible = 0;
			defaultConfigurationName = Release;
		};
/* End XCConfigurationList section */
	};
	rootObject = 31A5C3452DF2E59B00C971A9 /* Project object */;
}
